{
  "pins" : [
    {
      "identity" : "logmanager",
      "kind" : "remoteSourceControl",
      "location" : "https://github.com/Appracatappra/LogManager",
      "state" : {
        "revision" : "aa1c1a9d15ea104a590df766af3f81da5afabab7",
        "version" : "1.0.2"
      }
    }
  ],
  "version" : 2
}
