{
  "originHash" : "97040145c2af63f21a0fdb56631a2c0988b62c5526ab8275c1e4d4ced8ab8f22",
  "pins" : [
    {
      "identity" : "logmanager",
      "kind" : "remoteSourceControl",
      "location" : "https://github.com/Appracatappra/LogManager",
      "state" : {
        "revision" : "ed7b6f091d9f261e75211c214a4ba0ea3ba7a84d",
        "version" : "2.0.4"
      }
    }
  ],
  "version" : 3
}
